<?xml version="1.0" encoding="utf-8"?>
<Project ToolsVersion="4.0" xmlns="http://schemas.microsoft.com/developer/msbuild/2003">
  <ItemGroup>
    <Filter Include="Source Files">
      <UniqueIdentifier>{4FC737F1-C7A5-4376-A066-2A32D752A2FF}</UniqueIdentifier>
      <Extensions>cpp;c;cc;cxx;def;odl;idl;hpj;bat;asm;asmx</Extensions>
    </Filter>
    <Filter Include="Source Files\Layouts">
      <UniqueIdentifier>{d005f9ce-5fc0-4438-b34f-030aa7ea0ad9}</UniqueIdentifier>
    </Filter>
    <Filter Include="Source Files\Util">
      <UniqueIdentifier>{4b082729-7843-43b0-aa1c-e4b3675c075b}</UniqueIdentifier>
    </Filter>
  </ItemGroup>
  <ItemGroup>
    <ClCompile Include="Button.cpp">
      <Filter>Source Files</Filter>
    </ClCompile>
    <ClCompile Include="CheckBox.cpp">
      <Filter>Source Files</Filter>
    </ClCompile>
    <ClCompile Include="Image.cpp">
      <Filter>Source Files</Filter>
    </ClCompile>
    <ClCompile Include="InputBox.cpp">
      <Filter>Source Files</Filter>
    </ClCompile>
    <ClCompile Include="Label.cpp">
      <Filter>Source Files</Filter>
    </ClCompile>
    <ClCompile Include="ProgressBar.cpp">
      <Filter>Source Files</Filter>
    </ClCompile>
    <ClCompile Include="Slider.cpp">
      <Filter>Source Files</Filter>
    </ClCompile>
    <ClCompile Include="SpriteButton.cpp">
      <Filter>Source Files</Filter>
    </ClCompile>
    <ClCompile Include="Theme.cpp">
      <Filter>Source Files</Filter>
    </ClCompile>
    <ClCompile Include="Widget.cpp">
      <Filter>Source Files</Filter>
    </ClCompile>
    <ClCompile Include="Utils\Cross.cpp">
      <Filter>Source Files\Util</Filter>
    </ClCompile>
    <ClCompile Include="Layouts\FormLayout.cpp">
      <Filter>Source Files\Layouts</Filter>
    </ClCompile>
    <ClCompile Include="Layouts\HorizontalBoxLayout.cpp">
      <Filter>Source Files\Layouts</Filter>
    </ClCompile>
    <ClCompile Include="Layouts\VerticalBoxLayout.cpp">
      <Filter>Source Files\Layouts</Filter>
    </ClCompile>
    <ClCompile Include="Layouts\Menu.cpp">
      <Filter>Source Files\Layouts</Filter>
    </ClCompile>
    <ClCompile Include="Utils\Arrow.cpp">
      <Filter>Source Files\Util</Filter>
    </ClCompile>
    <ClCompile Include="Utils\Box.cpp">
      <Filter>Source Files\Util</Filter>
    </ClCompile>
    <ClCompile Include="SFUI.cpp">
      <Filter>Source Files</Filter>
    </ClCompile>
    <ClCompile Include="Layouts\Layout.cpp">
      <Filter>Source Files\Layouts</Filter>
    </ClCompile>
  </ItemGroup>
  <ItemGroup>
    <ClInclude Include="Button.hpp">
      <Filter>Source Files</Filter>
    </ClInclude>
    <ClInclude Include="CheckBox.hpp">
      <Filter>Source Files</Filter>
    </ClInclude>
    <ClInclude Include="ComboBox.hpp">
      <Filter>Source Files</Filter>
    </ClInclude>
    <ClInclude Include="Image.hpp">
      <Filter>Source Files</Filter>
    </ClInclude>
    <ClInclude Include="InputBox.hpp">
      <Filter>Source Files</Filter>
    </ClInclude>
    <ClInclude Include="Label.hpp">
      <Filter>Source Files</Filter>
    </ClInclude>
    <ClInclude Include="OptionsBox.hpp">
      <Filter>Source Files</Filter>
    </ClInclude>
    <ClInclude Include="ProgressBar.hpp">
      <Filter>Source Files</Filter>
    </ClInclude>
    <ClInclude Include="SFUI.hpp">
      <Filter>Source Files</Filter>
    </ClInclude>
    <ClInclude Include="Slider.hpp">
      <Filter>Source Files</Filter>
    </ClInclude>
    <ClInclude Include="SpriteButton.hpp">
      <Filter>Source Files</Filter>
    </ClInclude>
    <ClInclude Include="Theme.hpp">
      <Filter>Source Files</Filter>
    </ClInclude>
    <ClInclude Include="Widget.hpp">
      <Filter>Source Files</Filter>
    </ClInclude>
    <ClInclude Include="Utils\Cross.hpp">
      <Filter>Source Files\Util</Filter>
    </ClInclude>
    <ClInclude Include="Layouts\HorizontalBoxLayout.hpp">
      <Filter>Source Files\Layouts</Filter>
    </ClInclude>
    <ClInclude Include="Layouts\FormLayout.hpp">
      <Filter>Source Files\Layouts</Filter>
    </ClInclude>
    <ClInclude Include="Layouts\VerticalBoxLayout.hpp">
      <Filter>Source Files\Layouts</Filter>
    </ClInclude>
    <ClInclude Include="Layouts\Menu.hpp">
      <Filter>Source Files\Layouts</Filter>
    </ClInclude>
    <ClInclude Include="Layouts\Layout.hpp">
      <Filter>Source Files\Layouts</Filter>
    </ClInclude>
    <ClInclude Include="Utils\Arrow.hpp">
      <Filter>Source Files\Util</Filter>
    </ClInclude>
    <ClInclude Include="Utils\Box.hpp">
      <Filter>Source Files\Util</Filter>
    </ClInclude>
    <ClInclude Include="Utils\ItemBox.hpp">
      <Filter>Source Files\Util</Filter>
    </ClInclude>
  </ItemGroup>
  <ItemGroup>
    <None Include="ComboBox.inl">
      <Filter>Source Files</Filter>
    </None>
    <None Include="OptionsBox.inl">
      <Filter>Source Files</Filter>
    </None>
    <None Include="Utils\ItemBox.inl">
      <Filter>Source Files\Util</Filter>
    </None>
  </ItemGroup>
</Project>