
Microsoft Visual Studio Solution File, Format Version 12.00
# Visual Studio 15
VisualStudioVersion = 15.0.27130.2036
MinimumVisualStudioVersion = 10.0.40219.1
Project("{8BC9CEB8-8B4A-11D0-8D11-00A0C91BC942}") = "SFUI", "SFUI\SFUI.vcxproj", "{D37A6E36-78C5-4D81-964B-34B7D056FED1}"
EndProject
Global
	GlobalSection(SolutionConfigurationPlatforms) = preSolution
		Debug|x64 = Debug|x64
		Debug|x86 = Debug|x86
		Release|x64 = Release|x64
		Release|x86 = Release|x86
	EndGlobalSection
	GlobalSection(ProjectConfigurationPlatforms) = postSolution
		{D37A6E36-78C5-4D81-964B-34B7D056FED1}.Debug|x64.ActiveCfg = Debug|x64
		{D37A6E36-78C5-4D81-964B-34B7D056FED1}.Debug|x64.Build.0 = Debug|x64
		{D37A6E36-78C5-4D81-964B-34B7D056FED1}.Debug|x86.ActiveCfg = Debug|Win32
		{D37A6E36-78C5-4D81-964B-34B7D056FED1}.Debug|x86.Build.0 = Debug|Win32
		{D37A6E36-78C5-4D81-964B-34B7D056FED1}.Release|x64.ActiveCfg = Release|x64
		{D37A6E36-78C5-4D81-964B-34B7D056FED1}.Release|x64.Build.0 = Release|x64
		{D37A6E36-78C5-4D81-964B-34B7D056FED1}.Release|x86.ActiveCfg = Release|Win32
		{D37A6E36-78C5-4D81-964B-34B7D056FED1}.Release|x86.Build.0 = Release|Win32
	EndGlobalSection
	GlobalSection(SolutionProperties) = preSolution
		HideSolutionNode = FALSE
	EndGlobalSection
	GlobalSection(ExtensibilityGlobals) = postSolution
		SolutionGuid = {64E5EA0B-30CF-4100-BF3F-0A57C80C8562}
	EndGlobalSection
EndGlobal
